// !$*UTF8*$!
{
	archiveVersion = 1;
	classes = {
	};
	objectVersion = 50;
	objects = {

/* Begin PBXBuildFile section */
		152D3BC8EE459D1AD5100F48 /* Pods_aWeatherApp.framework in Frameworks */ = {isa = PBXBuildFile; fileRef = 8BA1B9F8A2625CC18271D235 /* Pods_aWeatherApp.framework */; };
		9909B04FE98BFBC1588627D5 /* Pods_aWeatherAppTests.framework in Frameworks */ = {isa = PBXBuildFile; fileRef = AB3EC3B10064C74241C7B6FA /* Pods_aWeatherAppTests.framework */; };
		CB39C90222ABF401002637DE /* AppDelegate.swift in Sources */ = {isa = PBXBuildFile; fileRef = CB39C90122ABF401002637DE /* AppDelegate.swift */; };
		CB39C90422ABF401002637DE /* ViewController.swift in Sources */ = {isa = PBXBuildFile; fileRef = CB39C90322ABF401002637DE /* ViewController.swift */; };
		CB39C90722ABF401002637DE /* Main.storyboard in Resources */ = {isa = PBXBuildFile; fileRef = CB39C90522ABF401002637DE /* Main.storyboard */; };
		CB39C90922ABF402002637DE /* Assets.xcassets in Resources */ = {isa = PBXBuildFile; fileRef = CB39C90822ABF402002637DE /* Assets.xcassets */; };
		CB39C90C22ABF402002637DE /* LaunchScreen.storyboard in Resources */ = {isa = PBXBuildFile; fileRef = CB39C90A22ABF402002637DE /* LaunchScreen.storyboard */; };
		CB39C91A22ABF584002637DE /* aWeatherAppTests.swift in Sources */ = {isa = PBXBuildFile; fileRef = CB39C91922ABF584002637DE /* aWeatherAppTests.swift */; };
		CB39C96122ABFB9A002637DE /* WeatherInfo.swift in Sources */ = {isa = PBXBuildFile; fileRef = CB39C96022ABFB9A002637DE /* WeatherInfo.swift */; };
		CB39C96722ABFC64002637DE /* weatherinfo_test_data.json in Resources */ = {isa = PBXBuildFile; fileRef = CB39C96622ABFC64002637DE /* weatherinfo_test_data.json */; };
		CB39C96B22ABFCFE002637DE /* String+ToData.swift in Sources */ = {isa = PBXBuildFile; fileRef = CB39C96A22ABFCFE002637DE /* String+ToData.swift */; };
		CB39C96D22ABFEA3002637DE /* WeatherInfoTests.swift in Sources */ = {isa = PBXBuildFile; fileRef = CB39C96C22ABFEA3002637DE /* WeatherInfoTests.swift */; };
		CB39C96F22ABFFD9002637DE /* XCTestCase+LoadJSONFile.swift in Sources */ = {isa = PBXBuildFile; fileRef = CB39C96E22ABFFD9002637DE /* XCTestCase+LoadJSONFile.swift */; };
		CB39C97122AC03A6002637DE /* Main.swift in Sources */ = {isa = PBXBuildFile; fileRef = CB39C97022AC03A6002637DE /* Main.swift */; };
		CB39C97322AC04AE002637DE /* MainTests.swift in Sources */ = {isa = PBXBuildFile; fileRef = CB39C97222AC04AE002637DE /* MainTests.swift */; };
		CB39C97822AC05C8002637DE /* main_test_data.json in Resources */ = {isa = PBXBuildFile; fileRef = CB39C97722AC05C8002637DE /* main_test_data.json */; };
		CB39C97A22AC06F6002637DE /* Wind.swift in Sources */ = {isa = PBXBuildFile; fileRef = CB39C97922AC06F6002637DE /* Wind.swift */; };
		CB39C97C22AC0730002637DE /* WindTests.swift in Sources */ = {isa = PBXBuildFile; fileRef = CB39C97B22AC0730002637DE /* WindTests.swift */; };
		CB39C98122AC07AD002637DE /* wind_test_data.json in Resources */ = {isa = PBXBuildFile; fileRef = CB39C98022AC07AD002637DE /* wind_test_data.json */; };
		CB39C98322AC0872002637DE /* Clouds.swift in Sources */ = {isa = PBXBuildFile; fileRef = CB39C98222AC0872002637DE /* Clouds.swift */; };
		CB39C98822AC094D002637DE /* clouds_test_data.json in Resources */ = {isa = PBXBuildFile; fileRef = CB39C98722AC094D002637DE /* clouds_test_data.json */; };
		CB39C98A22AC0964002637DE /* CloudsTests.swift in Sources */ = {isa = PBXBuildFile; fileRef = CB39C98922AC0964002637DE /* CloudsTests.swift */; };
		CB39C98C22AC0AB1002637DE /* Sys.swift in Sources */ = {isa = PBXBuildFile; fileRef = CB39C98B22AC0AB1002637DE /* Sys.swift */; };
		CB39C99122AC0B05002637DE /* sys_test_data.json in Resources */ = {isa = PBXBuildFile; fileRef = CB39C99022AC0B05002637DE /* sys_test_data.json */; };
		CB39C99322AC0B37002637DE /* SysTests.swift in Sources */ = {isa = PBXBuildFile; fileRef = CB39C99222AC0B37002637DE /* SysTests.swift */; };
/* End PBXBuildFile section */

/* Begin PBXContainerItemProxy section */
		CB39C91C22ABF584002637DE /* PBXContainerItemProxy */ = {
			isa = PBXContainerItemProxy;
			containerPortal = CB39C8F622ABF401002637DE /* Project object */;
			proxyType = 1;
			remoteGlobalIDString = CB39C8FD22ABF401002637DE;
			remoteInfo = aWeatherApp;
		};
/* End PBXContainerItemProxy section */

/* Begin PBXFileReference section */
		03F57A4720D44B824DD8DCA8 /* Pods-aWeatherApp.debug.xcconfig */ = {isa = PBXFileReference; includeInIndex = 1; lastKnownFileType = text.xcconfig; name = "Pods-aWeatherApp.debug.xcconfig"; path = "Target Support Files/Pods-aWeatherApp/Pods-aWeatherApp.debug.xcconfig"; sourceTree = "<group>"; };
		1606F41827D553C6D61BD30B /* Pods-aWeatherAppTests.debug.xcconfig */ = {isa = PBXFileReference; includeInIndex = 1; lastKnownFileType = text.xcconfig; name = "Pods-aWeatherAppTests.debug.xcconfig"; path = "Target Support Files/Pods-aWeatherAppTests/Pods-aWeatherAppTests.debug.xcconfig"; sourceTree = "<group>"; };
		52429320F1E1BE5EAF019F91 /* Pods-aWeatherApp.release.xcconfig */ = {isa = PBXFileReference; includeInIndex = 1; lastKnownFileType = text.xcconfig; name = "Pods-aWeatherApp.release.xcconfig"; path = "Target Support Files/Pods-aWeatherApp/Pods-aWeatherApp.release.xcconfig"; sourceTree = "<group>"; };
		8BA1B9F8A2625CC18271D235 /* Pods_aWeatherApp.framework */ = {isa = PBXFileReference; explicitFileType = wrapper.framework; includeInIndex = 0; path = Pods_aWeatherApp.framework; sourceTree = BUILT_PRODUCTS_DIR; };
		A67BDDFA16490A47D667EC06 /* Pods-aWeatherAppTests.release.xcconfig */ = {isa = PBXFileReference; includeInIndex = 1; lastKnownFileType = text.xcconfig; name = "Pods-aWeatherAppTests.release.xcconfig"; path = "Target Support Files/Pods-aWeatherAppTests/Pods-aWeatherAppTests.release.xcconfig"; sourceTree = "<group>"; };
		AB3EC3B10064C74241C7B6FA /* Pods_aWeatherAppTests.framework */ = {isa = PBXFileReference; explicitFileType = wrapper.framework; includeInIndex = 0; path = Pods_aWeatherAppTests.framework; sourceTree = BUILT_PRODUCTS_DIR; };
		CB39C8FE22ABF401002637DE /* aWeatherApp.app */ = {isa = PBXFileReference; explicitFileType = wrapper.application; includeInIndex = 0; path = aWeatherApp.app; sourceTree = BUILT_PRODUCTS_DIR; };
		CB39C90122ABF401002637DE /* AppDelegate.swift */ = {isa = PBXFileReference; lastKnownFileType = sourcecode.swift; path = AppDelegate.swift; sourceTree = "<group>"; };
		CB39C90322ABF401002637DE /* ViewController.swift */ = {isa = PBXFileReference; lastKnownFileType = sourcecode.swift; path = ViewController.swift; sourceTree = "<group>"; };
		CB39C90622ABF401002637DE /* Base */ = {isa = PBXFileReference; lastKnownFileType = file.storyboard; name = Base; path = Base.lproj/Main.storyboard; sourceTree = "<group>"; };
		CB39C90822ABF402002637DE /* Assets.xcassets */ = {isa = PBXFileReference; lastKnownFileType = folder.assetcatalog; path = Assets.xcassets; sourceTree = "<group>"; };
		CB39C90B22ABF402002637DE /* Base */ = {isa = PBXFileReference; lastKnownFileType = file.storyboard; name = Base; path = Base.lproj/LaunchScreen.storyboard; sourceTree = "<group>"; };
		CB39C90D22ABF402002637DE /* Info.plist */ = {isa = PBXFileReference; lastKnownFileType = text.plist.xml; path = Info.plist; sourceTree = "<group>"; };
		CB39C91722ABF584002637DE /* aWeatherAppTests.xctest */ = {isa = PBXFileReference; explicitFileType = wrapper.cfbundle; includeInIndex = 0; path = aWeatherAppTests.xctest; sourceTree = BUILT_PRODUCTS_DIR; };
		CB39C91922ABF584002637DE /* aWeatherAppTests.swift */ = {isa = PBXFileReference; lastKnownFileType = sourcecode.swift; path = aWeatherAppTests.swift; sourceTree = "<group>"; };
		CB39C91B22ABF584002637DE /* Info.plist */ = {isa = PBXFileReference; lastKnownFileType = text.plist.xml; path = Info.plist; sourceTree = "<group>"; };
		CB39C96022ABFB9A002637DE /* WeatherInfo.swift */ = {isa = PBXFileReference; lastKnownFileType = sourcecode.swift; path = WeatherInfo.swift; sourceTree = "<group>"; };
		CB39C96622ABFC64002637DE /* weatherinfo_test_data.json */ = {isa = PBXFileReference; lastKnownFileType = text.json; path = weatherinfo_test_data.json; sourceTree = "<group>"; };
		CB39C96A22ABFCFE002637DE /* String+ToData.swift */ = {isa = PBXFileReference; lastKnownFileType = sourcecode.swift; path = "String+ToData.swift"; sourceTree = "<group>"; };
		CB39C96C22ABFEA3002637DE /* WeatherInfoTests.swift */ = {isa = PBXFileReference; lastKnownFileType = sourcecode.swift; path = WeatherInfoTests.swift; sourceTree = "<group>"; };
		CB39C96E22ABFFD9002637DE /* XCTestCase+LoadJSONFile.swift */ = {isa = PBXFileReference; lastKnownFileType = sourcecode.swift; path = "XCTestCase+LoadJSONFile.swift"; sourceTree = "<group>"; };
		CB39C97022AC03A6002637DE /* Main.swift */ = {isa = PBXFileReference; lastKnownFileType = sourcecode.swift; path = Main.swift; sourceTree = "<group>"; };
		CB39C97222AC04AE002637DE /* MainTests.swift */ = {isa = PBXFileReference; lastKnownFileType = sourcecode.swift; path = MainTests.swift; sourceTree = "<group>"; };
		CB39C97722AC05C8002637DE /* main_test_data.json */ = {isa = PBXFileReference; lastKnownFileType = text.json; path = main_test_data.json; sourceTree = "<group>"; };
		CB39C97922AC06F6002637DE /* Wind.swift */ = {isa = PBXFileReference; lastKnownFileType = sourcecode.swift; path = Wind.swift; sourceTree = "<group>"; };
		CB39C97B22AC0730002637DE /* WindTests.swift */ = {isa = PBXFileReference; lastKnownFileType = sourcecode.swift; path = WindTests.swift; sourceTree = "<group>"; };
		CB39C98022AC07AD002637DE /* wind_test_data.json */ = {isa = PBXFileReference; lastKnownFileType = text.json; path = wind_test_data.json; sourceTree = "<group>"; };
		CB39C98222AC0872002637DE /* Clouds.swift */ = {isa = PBXFileReference; lastKnownFileType = sourcecode.swift; path = Clouds.swift; sourceTree = "<group>"; };
		CB39C98722AC094D002637DE /* clouds_test_data.json */ = {isa = PBXFileReference; lastKnownFileType = text.json; path = clouds_test_data.json; sourceTree = "<group>"; };
		CB39C98922AC0964002637DE /* CloudsTests.swift */ = {isa = PBXFileReference; lastKnownFileType = sourcecode.swift; path = CloudsTests.swift; sourceTree = "<group>"; };
		CB39C98B22AC0AB1002637DE /* Sys.swift */ = {isa = PBXFileReference; lastKnownFileType = sourcecode.swift; path = Sys.swift; sourceTree = "<group>"; };
		CB39C99022AC0B05002637DE /* sys_test_data.json */ = {isa = PBXFileReference; lastKnownFileType = text.json; path = sys_test_data.json; sourceTree = "<group>"; };
		CB39C99222AC0B37002637DE /* SysTests.swift */ = {isa = PBXFileReference; lastKnownFileType = sourcecode.swift; path = SysTests.swift; sourceTree = "<group>"; };
/* End PBXFileReference section */

/* Begin PBXFrameworksBuildPhase section */
		CB39C8FB22ABF401002637DE /* Frameworks */ = {
			isa = PBXFrameworksBuildPhase;
			buildActionMask = 2147483647;
			files = (
				152D3BC8EE459D1AD5100F48 /* Pods_aWeatherApp.framework in Frameworks */,
			);
			runOnlyForDeploymentPostprocessing = 0;
		};
		CB39C91422ABF584002637DE /* Frameworks */ = {
			isa = PBXFrameworksBuildPhase;
			buildActionMask = 2147483647;
			files = (
				9909B04FE98BFBC1588627D5 /* Pods_aWeatherAppTests.framework in Frameworks */,
			);
			runOnlyForDeploymentPostprocessing = 0;
		};
/* End PBXFrameworksBuildPhase section */

/* Begin PBXGroup section */
		955A7F0E83480C770BD63CEE /* Pods */ = {
			isa = PBXGroup;
			children = (
				03F57A4720D44B824DD8DCA8 /* Pods-aWeatherApp.debug.xcconfig */,
				52429320F1E1BE5EAF019F91 /* Pods-aWeatherApp.release.xcconfig */,
				1606F41827D553C6D61BD30B /* Pods-aWeatherAppTests.debug.xcconfig */,
				A67BDDFA16490A47D667EC06 /* Pods-aWeatherAppTests.release.xcconfig */,
			);
			path = Pods;
			sourceTree = "<group>";
		};
		AF98434BC14DF2C7216D3429 /* Frameworks */ = {
			isa = PBXGroup;
			children = (
				8BA1B9F8A2625CC18271D235 /* Pods_aWeatherApp.framework */,
				AB3EC3B10064C74241C7B6FA /* Pods_aWeatherAppTests.framework */,
			);
			name = Frameworks;
			sourceTree = "<group>";
		};
		CB39C8F522ABF401002637DE = {
			isa = PBXGroup;
			children = (
				CB39C90022ABF401002637DE /* aWeatherApp */,
				CB39C91822ABF584002637DE /* aWeatherAppTests */,
				CB39C8FF22ABF401002637DE /* Products */,
				955A7F0E83480C770BD63CEE /* Pods */,
				AF98434BC14DF2C7216D3429 /* Frameworks */,
			);
			sourceTree = "<group>";
		};
		CB39C8FF22ABF401002637DE /* Products */ = {
			isa = PBXGroup;
			children = (
				CB39C8FE22ABF401002637DE /* aWeatherApp.app */,
				CB39C91722ABF584002637DE /* aWeatherAppTests.xctest */,
			);
			name = Products;
			sourceTree = "<group>";
		};
		CB39C90022ABF401002637DE /* aWeatherApp */ = {
			isa = PBXGroup;
			children = (
				CB39C95F22ABFB8C002637DE /* Models */,
				CB39C90122ABF401002637DE /* AppDelegate.swift */,
				CB39C90322ABF401002637DE /* ViewController.swift */,
				CB39C90522ABF401002637DE /* Main.storyboard */,
				CB39C90822ABF402002637DE /* Assets.xcassets */,
				CB39C90A22ABF402002637DE /* LaunchScreen.storyboard */,
				CB39C90D22ABF402002637DE /* Info.plist */,
			);
			path = aWeatherApp;
			sourceTree = "<group>";
		};
		CB39C91822ABF584002637DE /* aWeatherAppTests */ = {
			isa = PBXGroup;
			children = (
				CB39C96922ABFCE7002637DE /* Utilities */,
				CB39C96522ABFC4F002637DE /* TestData */,
				CB39C96222ABFBA0002637DE /* ModelsTests */,
				CB39C91922ABF584002637DE /* aWeatherAppTests.swift */,
				CB39C91B22ABF584002637DE /* Info.plist */,
			);
			path = aWeatherAppTests;
			sourceTree = "<group>";
		};
		CB39C95F22ABFB8C002637DE /* Models */ = {
			isa = PBXGroup;
			children = (
				CB39C96022ABFB9A002637DE /* WeatherInfo.swift */,
				CB39C97022AC03A6002637DE /* Main.swift */,
				CB39C97922AC06F6002637DE /* Wind.swift */,
				CB39C98222AC0872002637DE /* Clouds.swift */,
				CB39C98B22AC0AB1002637DE /* Sys.swift */,
			);
			path = Models;
			sourceTree = "<group>";
		};
		CB39C96222ABFBA0002637DE /* ModelsTests */ = {
			isa = PBXGroup;
			children = (
				CB39C96C22ABFEA3002637DE /* WeatherInfoTests.swift */,
				CB39C97222AC04AE002637DE /* MainTests.swift */,
				CB39C97B22AC0730002637DE /* WindTests.swift */,
				CB39C98922AC0964002637DE /* CloudsTests.swift */,
				CB39C99222AC0B37002637DE /* SysTests.swift */,
			);
			path = ModelsTests;
			sourceTree = "<group>";
		};
		CB39C96522ABFC4F002637DE /* TestData */ = {
			isa = PBXGroup;
			children = (
				CB39C98D22AC0AEB002637DE /* Sys */,
				CB39C98422AC0918002637DE /* Clouds */,
				CB39C97D22AC077C002637DE /* Wind */,
				CB39C97422AC056D002637DE /* Main */,
				CB39C96822ABFC67002637DE /* WeatherInfo */,
			);
			path = TestData;
			sourceTree = "<group>";
		};
		CB39C96822ABFC67002637DE /* WeatherInfo */ = {
			isa = PBXGroup;
			children = (
				CB39C96622ABFC64002637DE /* weatherinfo_test_data.json */,
			);
			path = WeatherInfo;
			sourceTree = "<group>";
		};
		CB39C96922ABFCE7002637DE /* Utilities */ = {
			isa = PBXGroup;
			children = (
				CB39C96A22ABFCFE002637DE /* String+ToData.swift */,
				CB39C96E22ABFFD9002637DE /* XCTestCase+LoadJSONFile.swift */,
			);
			path = Utilities;
			sourceTree = "<group>";
		};
		CB39C97422AC056D002637DE /* Main */ = {
			isa = PBXGroup;
			children = (
				CB39C97722AC05C8002637DE /* main_test_data.json */,
			);
			path = Main;
			sourceTree = "<group>";
		};
		CB39C97D22AC077C002637DE /* Wind */ = {
			isa = PBXGroup;
			children = (
				CB39C98022AC07AD002637DE /* wind_test_data.json */,
			);
			path = Wind;
			sourceTree = "<group>";
		};
		CB39C98422AC0918002637DE /* Clouds */ = {
			isa = PBXGroup;
			children = (
				CB39C98722AC094D002637DE /* clouds_test_data.json */,
			);
			path = Clouds;
			sourceTree = "<group>";
		};
		CB39C98D22AC0AEB002637DE /* Sys */ = {
			isa = PBXGroup;
			children = (
				CB39C99022AC0B05002637DE /* sys_test_data.json */,
			);
			path = Sys;
			sourceTree = "<group>";
		};
/* End PBXGroup section */

/* Begin PBXNativeTarget section */
		CB39C8FD22ABF401002637DE /* aWeatherApp */ = {
			isa = PBXNativeTarget;
			buildConfigurationList = CB39C91022ABF402002637DE /* Build configuration list for PBXNativeTarget "aWeatherApp" */;
			buildPhases = (
				40CBADB3311C4B0CED7D8242 /* [CP] Check Pods Manifest.lock */,
				CB39C8FA22ABF401002637DE /* Sources */,
				CB39C8FB22ABF401002637DE /* Frameworks */,
				CB39C8FC22ABF401002637DE /* Resources */,
				2C5851A44567B2CA5E651A38 /* [CP] Embed Pods Frameworks */,
			);
			buildRules = (
			);
			dependencies = (
			);
			name = aWeatherApp;
			productName = aWeatherApp;
			productReference = CB39C8FE22ABF401002637DE /* aWeatherApp.app */;
			productType = "com.apple.product-type.application";
		};
		CB39C91622ABF584002637DE /* aWeatherAppTests */ = {
			isa = PBXNativeTarget;
			buildConfigurationList = CB39C92022ABF587002637DE /* Build configuration list for PBXNativeTarget "aWeatherAppTests" */;
			buildPhases = (
				067F2A6BE2847E4BFB72EE79 /* [CP] Check Pods Manifest.lock */,
				CB39C91322ABF584002637DE /* Sources */,
				CB39C91422ABF584002637DE /* Frameworks */,
				CB39C91522ABF584002637DE /* Resources */,
				5E4070F8545130216F3249E5 /* [CP] Embed Pods Frameworks */,
			);
			buildRules = (
			);
			dependencies = (
				CB39C91D22ABF584002637DE /* PBXTargetDependency */,
			);
			name = aWeatherAppTests;
			productName = aWeatherAppTests;
			productReference = CB39C91722ABF584002637DE /* aWeatherAppTests.xctest */;
			productType = "com.apple.product-type.bundle.unit-test";
		};
/* End PBXNativeTarget section */

/* Begin PBXProject section */
		CB39C8F622ABF401002637DE /* Project object */ = {
			isa = PBXProject;
			attributes = {
				LastSwiftUpdateCheck = 1020;
				LastUpgradeCheck = 1020;
				ORGANIZATIONNAME = "Terrick Mansur";
				TargetAttributes = {
					CB39C8FD22ABF401002637DE = {
						CreatedOnToolsVersion = 10.2.1;
					};
					CB39C91622ABF584002637DE = {
						CreatedOnToolsVersion = 10.2.1;
						TestTargetID = CB39C8FD22ABF401002637DE;
					};
				};
			};
			buildConfigurationList = CB39C8F922ABF401002637DE /* Build configuration list for PBXProject "aWeatherApp" */;
			compatibilityVersion = "Xcode 9.3";
			developmentRegion = en;
			hasScannedForEncodings = 0;
			knownRegions = (
				en,
				Base,
			);
			mainGroup = CB39C8F522ABF401002637DE;
			productRefGroup = CB39C8FF22ABF401002637DE /* Products */;
			projectDirPath = "";
			projectRoot = "";
			targets = (
				CB39C8FD22ABF401002637DE /* aWeatherApp */,
				CB39C91622ABF584002637DE /* aWeatherAppTests */,
			);
		};
/* End PBXProject section */

/* Begin PBXResourcesBuildPhase section */
		CB39C8FC22ABF401002637DE /* Resources */ = {
			isa = PBXResourcesBuildPhase;
			buildActionMask = 2147483647;
			files = (
				CB39C90C22ABF402002637DE /* LaunchScreen.storyboard in Resources */,
				CB39C90922ABF402002637DE /* Assets.xcassets in Resources */,
				CB39C90722ABF401002637DE /* Main.storyboard in Resources */,
			);
			runOnlyForDeploymentPostprocessing = 0;
		};
		CB39C91522ABF584002637DE /* Resources */ = {
			isa = PBXResourcesBuildPhase;
			buildActionMask = 2147483647;
			files = (
				CB39C97822AC05C8002637DE /* main_test_data.json in Resources */,
				CB39C98122AC07AD002637DE /* wind_test_data.json in Resources */,
				CB39C96722ABFC64002637DE /* weatherinfo_test_data.json in Resources */,
				CB39C98822AC094D002637DE /* clouds_test_data.json in Resources */,
				CB39C99122AC0B05002637DE /* sys_test_data.json in Resources */,
			);
			runOnlyForDeploymentPostprocessing = 0;
		};
/* End PBXResourcesBuildPhase section */

/* Begin PBXShellScriptBuildPhase section */
		067F2A6BE2847E4BFB72EE79 /* [CP] Check Pods Manifest.lock */ = {
			isa = PBXShellScriptBuildPhase;
			buildActionMask = 2147483647;
			files = (
			);
			inputFileListPaths = (
			);
			inputPaths = (
				"${PODS_PODFILE_DIR_PATH}/Podfile.lock",
				"${PODS_ROOT}/Manifest.lock",
			);
			name = "[CP] Check Pods Manifest.lock";
			outputFileListPaths = (
			);
			outputPaths = (
				"$(DERIVED_FILE_DIR)/Pods-aWeatherAppTests-checkManifestLockResult.txt",
			);
			runOnlyForDeploymentPostprocessing = 0;
			shellPath = /bin/sh;
			shellScript = "diff \"${PODS_PODFILE_DIR_PATH}/Podfile.lock\" \"${PODS_ROOT}/Manifest.lock\" > /dev/null\nif [ $? != 0 ] ; then\n    # print error to STDERR\n    echo \"error: The sandbox is not in sync with the Podfile.lock. Run 'pod install' or update your CocoaPods installation.\" >&2\n    exit 1\nfi\n# This output is used by Xcode 'outputs' to avoid re-running this script phase.\necho \"SUCCESS\" > \"${SCRIPT_OUTPUT_FILE_0}\"\n";
			showEnvVarsInLog = 0;
		};
		2C5851A44567B2CA5E651A38 /* [CP] Embed Pods Frameworks */ = {
			isa = PBXShellScriptBuildPhase;
			buildActionMask = 2147483647;
			files = (
			);
			inputFileListPaths = (
			);
			inputPaths = (
				"${PODS_ROOT}/Target Support Files/Pods-aWeatherApp/Pods-aWeatherApp-frameworks.sh",
				"${BUILT_PRODUCTS_DIR}/Alamofire/Alamofire.framework",
				"${BUILT_PRODUCTS_DIR}/Bond/Bond.framework",
				"${BUILT_PRODUCTS_DIR}/Differ/Differ.framework",
				"${BUILT_PRODUCTS_DIR}/ReactiveKit/ReactiveKit.framework",
			);
			name = "[CP] Embed Pods Frameworks";
			outputFileListPaths = (
			);
			outputPaths = (
				"${TARGET_BUILD_DIR}/${FRAMEWORKS_FOLDER_PATH}/Alamofire.framework",
				"${TARGET_BUILD_DIR}/${FRAMEWORKS_FOLDER_PATH}/Bond.framework",
				"${TARGET_BUILD_DIR}/${FRAMEWORKS_FOLDER_PATH}/Differ.framework",
				"${TARGET_BUILD_DIR}/${FRAMEWORKS_FOLDER_PATH}/ReactiveKit.framework",
			);
			runOnlyForDeploymentPostprocessing = 0;
			shellPath = /bin/sh;
			shellScript = "\"${PODS_ROOT}/Target Support Files/Pods-aWeatherApp/Pods-aWeatherApp-frameworks.sh\"\n";
			showEnvVarsInLog = 0;
		};
		40CBADB3311C4B0CED7D8242 /* [CP] Check Pods Manifest.lock */ = {
			isa = PBXShellScriptBuildPhase;
			buildActionMask = 2147483647;
			files = (
			);
			inputFileListPaths = (
			);
			inputPaths = (
				"${PODS_PODFILE_DIR_PATH}/Podfile.lock",
				"${PODS_ROOT}/Manifest.lock",
			);
			name = "[CP] Check Pods Manifest.lock";
			outputFileListPaths = (
			);
			outputPaths = (
				"$(DERIVED_FILE_DIR)/Pods-aWeatherApp-checkManifestLockResult.txt",
			);
			runOnlyForDeploymentPostprocessing = 0;
			shellPath = /bin/sh;
			shellScript = "diff \"${PODS_PODFILE_DIR_PATH}/Podfile.lock\" \"${PODS_ROOT}/Manifest.lock\" > /dev/null\nif [ $? != 0 ] ; then\n    # print error to STDERR\n    echo \"error: The sandbox is not in sync with the Podfile.lock. Run 'pod install' or update your CocoaPods installation.\" >&2\n    exit 1\nfi\n# This output is used by Xcode 'outputs' to avoid re-running this script phase.\necho \"SUCCESS\" > \"${SCRIPT_OUTPUT_FILE_0}\"\n";
			showEnvVarsInLog = 0;
		};
		5E4070F8545130216F3249E5 /* [CP] Embed Pods Frameworks */ = {
			isa = PBXShellScriptBuildPhase;
			buildActionMask = 2147483647;
			files = (
			);
			inputFileListPaths = (
			);
			inputPaths = (
				"${PODS_ROOT}/Target Support Files/Pods-aWeatherAppTests/Pods-aWeatherAppTests-frameworks.sh",
				"${BUILT_PRODUCTS_DIR}/Bond/Bond.framework",
				"${BUILT_PRODUCTS_DIR}/Differ/Differ.framework",
				"${BUILT_PRODUCTS_DIR}/ReactiveKit/ReactiveKit.framework",
				"${BUILT_PRODUCTS_DIR}/Nimble/Nimble.framework",
				"${BUILT_PRODUCTS_DIR}/Quick/Quick.framework",
			);
			name = "[CP] Embed Pods Frameworks";
			outputFileListPaths = (
			);
			outputPaths = (
				"${TARGET_BUILD_DIR}/${FRAMEWORKS_FOLDER_PATH}/Bond.framework",
				"${TARGET_BUILD_DIR}/${FRAMEWORKS_FOLDER_PATH}/Differ.framework",
				"${TARGET_BUILD_DIR}/${FRAMEWORKS_FOLDER_PATH}/ReactiveKit.framework",
				"${TARGET_BUILD_DIR}/${FRAMEWORKS_FOLDER_PATH}/Nimble.framework",
				"${TARGET_BUILD_DIR}/${FRAMEWORKS_FOLDER_PATH}/Quick.framework",
			);
			runOnlyForDeploymentPostprocessing = 0;
			shellPath = /bin/sh;
			shellScript = "\"${PODS_ROOT}/Target Support Files/Pods-aWeatherAppTests/Pods-aWeatherAppTests-frameworks.sh\"\n";
			showEnvVarsInLog = 0;
		};
/* End PBXShellScriptBuildPhase section */

/* Begin PBXSourcesBuildPhase section */
		CB39C8FA22ABF401002637DE /* Sources */ = {
			isa = PBXSourcesBuildPhase;
			buildActionMask = 2147483647;
			files = (
				CB39C90422ABF401002637DE /* ViewController.swift in Sources */,
				CB39C98C22AC0AB1002637DE /* Sys.swift in Sources */,
				CB39C97A22AC06F6002637DE /* Wind.swift in Sources */,
				CB39C90222ABF401002637DE /* AppDelegate.swift in Sources */,
				CB39C98322AC0872002637DE /* Clouds.swift in Sources */,
				CB39C97122AC03A6002637DE /* Main.swift in Sources */,
				CB39C96122ABFB9A002637DE /* WeatherInfo.swift in Sources */,
			);
			runOnlyForDeploymentPostprocessing = 0;
		};
		CB39C91322ABF584002637DE /* Sources */ = {
			isa = PBXSourcesBuildPhase;
			buildActionMask = 2147483647;
			files = (
				CB39C96F22ABFFD9002637DE /* XCTestCase+LoadJSONFile.swift in Sources */,
				CB39C91A22ABF584002637DE /* aWeatherAppTests.swift in Sources */,
				CB39C97322AC04AE002637DE /* MainTests.swift in Sources */,
				CB39C99322AC0B37002637DE /* SysTests.swift in Sources */,
				CB39C96B22ABFCFE002637DE /* String+ToData.swift in Sources */,
				CB39C98A22AC0964002637DE /* CloudsTests.swift in Sources */,
				CB39C96D22ABFEA3002637DE /* WeatherInfoTests.swift in Sources */,
				CB39C97C22AC0730002637DE /* WindTests.swift in Sources */,
			);
			runOnlyForDeploymentPostprocessing = 0;
		};
/* End PBXSourcesBuildPhase section */

/* Begin PBXTargetDependency section */
		CB39C91D22ABF584002637DE /* PBXTargetDependency */ = {
			isa = PBXTargetDependency;
			target = CB39C8FD22ABF401002637DE /* aWeatherApp */;
			targetProxy = CB39C91C22ABF584002637DE /* PBXContainerItemProxy */;
		};
/* End PBXTargetDependency section */

/* Begin PBXVariantGroup section */
		CB39C90522ABF401002637DE /* Main.storyboard */ = {
			isa = PBXVariantGroup;
			children = (
				CB39C90622ABF401002637DE /* Base */,
			);
			name = Main.storyboard;
			sourceTree = "<group>";
		};
		CB39C90A22ABF402002637DE /* LaunchScreen.storyboard */ = {
			isa = PBXVariantGroup;
			children = (
				CB39C90B22ABF402002637DE /* Base */,
			);
			name = LaunchScreen.storyboard;
			sourceTree = "<group>";
		};
/* End PBXVariantGroup section */

/* Begin XCBuildConfiguration section */
		CB39C90E22ABF402002637DE /* Debug */ = {
			isa = XCBuildConfiguration;
			buildSettings = {
				ALWAYS_SEARCH_USER_PATHS = NO;
				CLANG_ANALYZER_NONNULL = YES;
				CLANG_ANALYZER_NUMBER_OBJECT_CONVERSION = YES_AGGRESSIVE;
				CLANG_CXX_LANGUAGE_STANDARD = "gnu++14";
				CLANG_CXX_LIBRARY = "libc++";
				CLANG_ENABLE_MODULES = YES;
				CLANG_ENABLE_OBJC_ARC = YES;
				CLANG_ENABLE_OBJC_WEAK = YES;
				CLANG_WARN_BLOCK_CAPTURE_AUTORELEASING = YES;
				CLANG_WARN_BOOL_CONVERSION = YES;
				CLANG_WARN_COMMA = YES;
				CLANG_WARN_CONSTANT_CONVERSION = YES;
				CLANG_WARN_DEPRECATED_OBJC_IMPLEMENTATIONS = YES;
				CLANG_WARN_DIRECT_OBJC_ISA_USAGE = YES_ERROR;
				CLANG_WARN_DOCUMENTATION_COMMENTS = YES;
				CLANG_WARN_EMPTY_BODY = YES;
				CLANG_WARN_ENUM_CONVERSION = YES;
				CLANG_WARN_INFINITE_RECURSION = YES;
				CLANG_WARN_INT_CONVERSION = YES;
				CLANG_WARN_NON_LITERAL_NULL_CONVERSION = YES;
				CLANG_WARN_OBJC_IMPLICIT_RETAIN_SELF = YES;
				CLANG_WARN_OBJC_LITERAL_CONVERSION = YES;
				CLANG_WARN_OBJC_ROOT_CLASS = YES_ERROR;
				CLANG_WARN_RANGE_LOOP_ANALYSIS = YES;
				CLANG_WARN_STRICT_PROTOTYPES = YES;
				CLANG_WARN_SUSPICIOUS_MOVE = YES;
				CLANG_WARN_UNGUARDED_AVAILABILITY = YES_AGGRESSIVE;
				CLANG_WARN_UNREACHABLE_CODE = YES;
				CLANG_WARN__DUPLICATE_METHOD_MATCH = YES;
				CODE_SIGN_IDENTITY = "iPhone Developer";
				COPY_PHASE_STRIP = NO;
				DEBUG_INFORMATION_FORMAT = dwarf;
				ENABLE_STRICT_OBJC_MSGSEND = YES;
				ENABLE_TESTABILITY = YES;
				GCC_C_LANGUAGE_STANDARD = gnu11;
				GCC_DYNAMIC_NO_PIC = NO;
				GCC_NO_COMMON_BLOCKS = YES;
				GCC_OPTIMIZATION_LEVEL = 0;
				GCC_PREPROCESSOR_DEFINITIONS = (
					"DEBUG=1",
					"$(inherited)",
				);
				GCC_WARN_64_TO_32_BIT_CONVERSION = YES;
				GCC_WARN_ABOUT_RETURN_TYPE = YES_ERROR;
				GCC_WARN_UNDECLARED_SELECTOR = YES;
				GCC_WARN_UNINITIALIZED_AUTOS = YES_AGGRESSIVE;
				GCC_WARN_UNUSED_FUNCTION = YES;
				GCC_WARN_UNUSED_VARIABLE = YES;
				IPHONEOS_DEPLOYMENT_TARGET = 12.2;
				MTL_ENABLE_DEBUG_INFO = INCLUDE_SOURCE;
				MTL_FAST_MATH = YES;
				ONLY_ACTIVE_ARCH = YES;
				SDKROOT = iphoneos;
				SWIFT_ACTIVE_COMPILATION_CONDITIONS = DEBUG;
				SWIFT_OPTIMIZATION_LEVEL = "-Onone";
			};
			name = Debug;
		};
		CB39C90F22ABF402002637DE /* Release */ = {
			isa = XCBuildConfiguration;
			buildSettings = {
				ALWAYS_SEARCH_USER_PATHS = NO;
				CLANG_ANALYZER_NONNULL = YES;
				CLANG_ANALYZER_NUMBER_OBJECT_CONVERSION = YES_AGGRESSIVE;
				CLANG_CXX_LANGUAGE_STANDARD = "gnu++14";
				CLANG_CXX_LIBRARY = "libc++";
				CLANG_ENABLE_MODULES = YES;
				CLANG_ENABLE_OBJC_ARC = YES;
				CLANG_ENABLE_OBJC_WEAK = YES;
				CLANG_WARN_BLOCK_CAPTURE_AUTORELEASING = YES;
				CLANG_WARN_BOOL_CONVERSION = YES;
				CLANG_WARN_COMMA = YES;
				CLANG_WARN_CONSTANT_CONVERSION = YES;
				CLANG_WARN_DEPRECATED_OBJC_IMPLEMENTATIONS = YES;
				CLANG_WARN_DIRECT_OBJC_ISA_USAGE = YES_ERROR;
				CLANG_WARN_DOCUMENTATION_COMMENTS = YES;
				CLANG_WARN_EMPTY_BODY = YES;
				CLANG_WARN_ENUM_CONVERSION = YES;
				CLANG_WARN_INFINITE_RECURSION = YES;
				CLANG_WARN_INT_CONVERSION = YES;
				CLANG_WARN_NON_LITERAL_NULL_CONVERSION = YES;
				CLANG_WARN_OBJC_IMPLICIT_RETAIN_SELF = YES;
				CLANG_WARN_OBJC_LITERAL_CONVERSION = YES;
				CLANG_WARN_OBJC_ROOT_CLASS = YES_ERROR;
				CLANG_WARN_RANGE_LOOP_ANALYSIS = YES;
				CLANG_WARN_STRICT_PROTOTYPES = YES;
				CLANG_WARN_SUSPICIOUS_MOVE = YES;
				CLANG_WARN_UNGUARDED_AVAILABILITY = YES_AGGRESSIVE;
				CLANG_WARN_UNREACHABLE_CODE = YES;
				CLANG_WARN__DUPLICATE_METHOD_MATCH = YES;
				CODE_SIGN_IDENTITY = "iPhone Developer";
				COPY_PHASE_STRIP = NO;
				DEBUG_INFORMATION_FORMAT = "dwarf-with-dsym";
				ENABLE_NS_ASSERTIONS = NO;
				ENABLE_STRICT_OBJC_MSGSEND = YES;
				GCC_C_LANGUAGE_STANDARD = gnu11;
				GCC_NO_COMMON_BLOCKS = YES;
				GCC_WARN_64_TO_32_BIT_CONVERSION = YES;
				GCC_WARN_ABOUT_RETURN_TYPE = YES_ERROR;
				GCC_WARN_UNDECLARED_SELECTOR = YES;
				GCC_WARN_UNINITIALIZED_AUTOS = YES_AGGRESSIVE;
				GCC_WARN_UNUSED_FUNCTION = YES;
				GCC_WARN_UNUSED_VARIABLE = YES;
				IPHONEOS_DEPLOYMENT_TARGET = 12.2;
				MTL_ENABLE_DEBUG_INFO = NO;
				MTL_FAST_MATH = YES;
				SDKROOT = iphoneos;
				SWIFT_COMPILATION_MODE = wholemodule;
				SWIFT_OPTIMIZATION_LEVEL = "-O";
				VALIDATE_PRODUCT = YES;
			};
			name = Release;
		};
		CB39C91122ABF402002637DE /* Debug */ = {
			isa = XCBuildConfiguration;
			baseConfigurationReference = 03F57A4720D44B824DD8DCA8 /* Pods-aWeatherApp.debug.xcconfig */;
			buildSettings = {
				ASSETCATALOG_COMPILER_APPICON_NAME = AppIcon;
				CODE_SIGN_STYLE = Automatic;
				DEVELOPMENT_TEAM = G394X63P2A;
				INFOPLIST_FILE = aWeatherApp/Info.plist;
				LD_RUNPATH_SEARCH_PATHS = (
					"$(inherited)",
					"@executable_path/Frameworks",
				);
				PRODUCT_BUNDLE_IDENTIFIER = com.terrickmansur.aWeatherApp;
				PRODUCT_NAME = "$(TARGET_NAME)";
				SWIFT_VERSION = 5.0;
				TARGETED_DEVICE_FAMILY = "1,2";
			};
			name = Debug;
		};
		CB39C91222ABF402002637DE /* Release */ = {
			isa = XCBuildConfiguration;
			baseConfigurationReference = 52429320F1E1BE5EAF019F91 /* Pods-aWeatherApp.release.xcconfig */;
			buildSettings = {
				ASSETCATALOG_COMPILER_APPICON_NAME = AppIcon;
				CODE_SIGN_STYLE = Automatic;
				DEVELOPMENT_TEAM = G394X63P2A;
				INFOPLIST_FILE = aWeatherApp/Info.plist;
				LD_RUNPATH_SEARCH_PATHS = (
					"$(inherited)",
					"@executable_path/Frameworks",
				);
				PRODUCT_BUNDLE_IDENTIFIER = com.terrickmansur.aWeatherApp;
				PRODUCT_NAME = "$(TARGET_NAME)";
				SWIFT_VERSION = 5.0;
				TARGETED_DEVICE_FAMILY = "1,2";
			};
			name = Release;
		};
		CB39C91E22ABF585002637DE /* Debug */ = {
			isa = XCBuildConfiguration;
			baseConfigurationReference = 1606F41827D553C6D61BD30B /* Pods-aWeatherAppTests.debug.xcconfig */;
			buildSettings = {
				BUNDLE_LOADER = "$(TEST_HOST)";
				CODE_SIGN_STYLE = Automatic;
				DEVELOPMENT_TEAM = G394X63P2A;
				INFOPLIST_FILE = aWeatherAppTests/Info.plist;
				LD_RUNPATH_SEARCH_PATHS = (
					"$(inherited)",
					"@executable_path/Frameworks",
					"@loader_path/Frameworks",
				);
				PRODUCT_BUNDLE_IDENTIFIER = com.terrickmansur.aWeatherAppTests;
				PRODUCT_NAME = "$(TARGET_NAME)";
				SWIFT_VERSION = 5.0;
				TARGETED_DEVICE_FAMILY = "1,2";
				TEST_HOST = "$(BUILT_PRODUCTS_DIR)/aWeatherApp.app/aWeatherApp";
			};
			name = Debug;
		};
		CB39C91F22ABF585002637DE /* Release */ = {
			isa = XCBuildConfiguration;
			baseConfigurationReference = A67BDDFA16490A47D667EC06 /* Pods-aWeatherAppTests.release.xcconfig */;
			buildSettings = {
				BUNDLE_LOADER = "$(TEST_HOST)";
				CODE_SIGN_STYLE = Automatic;
				DEVELOPMENT_TEAM = G394X63P2A;
				ENABLE_TESTABILITY = NO;
				INFOPLIST_FILE = aWeatherAppTests/Info.plist;
				LD_RUNPATH_SEARCH_PATHS = (
					"$(inherited)",
					"@executable_path/Frameworks",
					"@loader_path/Frameworks",
				);
				PRODUCT_BUNDLE_IDENTIFIER = com.terrickmansur.aWeatherAppTests;
				PRODUCT_NAME = "$(TARGET_NAME)";
				SWIFT_VERSION = 5.0;
				TARGETED_DEVICE_FAMILY = "1,2";
				TEST_HOST = "$(BUILT_PRODUCTS_DIR)/aWeatherApp.app/aWeatherApp";
			};
			name = Release;
		};
/* End XCBuildConfiguration section */

/* Begin XCConfigurationList section */
		CB39C8F922ABF401002637DE /* Build configuration list for PBXProject "aWeatherApp" */ = {
			isa = XCConfigurationList;
			buildConfigurations = (
				CB39C90E22ABF402002637DE /* Debug */,
				CB39C90F22ABF402002637DE /* Release */,
			);
			defaultConfigurationIsVisible = 0;
			defaultConfigurationName = Release;
		};
		CB39C91022ABF402002637DE /* Build configuration list for PBXNativeTarget "aWeatherApp" */ = {
			isa = XCConfigurationList;
			buildConfigurations = (
				CB39C91122ABF402002637DE /* Debug */,
				CB39C91222ABF402002637DE /* Release */,
			);
			defaultConfigurationIsVisible = 0;
			defaultConfigurationName = Release;
		};
		CB39C92022ABF587002637DE /* Build configuration list for PBXNativeTarget "aWeatherAppTests" */ = {
			isa = XCConfigurationList;
			buildConfigurations = (
				CB39C91E22ABF585002637DE /* Debug */,
				CB39C91F22ABF585002637DE /* Release */,
			);
			defaultConfigurationIsVisible = 0;
			defaultConfigurationName = Release;
		};
/* End XCConfigurationList section */
	};
	rootObject = CB39C8F622ABF401002637DE /* Project object */;
}
