// !$*UTF8*$!
{
	archiveVersion = 1;
	classes = {
	};
	objectVersion = 50;
	objects = {

/* Begin PBXBuildFile section */
		CB39C90222ABF401002637DE /* AppDelegate.swift in Sources */ = {isa = PBXBuildFile; fileRef = CB39C90122ABF401002637DE /* AppDelegate.swift */; };
		CB39C90422ABF401002637DE /* ViewController.swift in Sources */ = {isa = PBXBuildFile; fileRef = CB39C90322ABF401002637DE /* ViewController.swift */; };
		CB39C90722ABF401002637DE /* Main.storyboard in Resources */ = {isa = PBXBuildFile; fileRef = CB39C90522ABF401002637DE /* Main.storyboard */; };
		CB39C90922ABF402002637DE /* Assets.xcassets in Resources */ = {isa = PBXBuildFile; fileRef = CB39C90822ABF402002637DE /* Assets.xcassets */; };
		CB39C90C22ABF402002637DE /* LaunchScreen.storyboard in Resources */ = {isa = PBXBuildFile; fileRef = CB39C90A22ABF402002637DE /* LaunchScreen.storyboard */; };
		CB39C91A22ABF584002637DE /* aWeatherAppTests.swift in Sources */ = {isa = PBXBuildFile; fileRef = CB39C91922ABF584002637DE /* aWeatherAppTests.swift */; };
/* End PBXBuildFile section */

/* Begin PBXContainerItemProxy section */
		CB39C91C22ABF584002637DE /* PBXContainerItemProxy */ = {
			isa = PBXContainerItemProxy;
			containerPortal = CB39C8F622ABF401002637DE /* Project object */;
			proxyType = 1;
			remoteGlobalIDString = CB39C8FD22ABF401002637DE;
			remoteInfo = aWeatherApp;
		};
/* End PBXContainerItemProxy section */

/* Begin PBXFileReference section */
		CB39C8FE22ABF401002637DE /* aWeatherApp.app */ = {isa = PBXFileReference; explicitFileType = wrapper.application; includeInIndex = 0; path = aWeatherApp.app; sourceTree = BUILT_PRODUCTS_DIR; };
		CB39C90122ABF401002637DE /* AppDelegate.swift */ = {isa = PBXFileReference; lastKnownFileType = sourcecode.swift; path = AppDelegate.swift; sourceTree = "<group>"; };
		CB39C90322ABF401002637DE /* ViewController.swift */ = {isa = PBXFileReference; lastKnownFileType = sourcecode.swift; path = ViewController.swift; sourceTree = "<group>"; };
		CB39C90622ABF401002637DE /* Base */ = {isa = PBXFileReference; lastKnownFileType = file.storyboard; name = Base; path = Base.lproj/Main.storyboard; sourceTree = "<group>"; };
		CB39C90822ABF402002637DE /* Assets.xcassets */ = {isa = PBXFileReference; lastKnownFileType = folder.assetcatalog; path = Assets.xcassets; sourceTree = "<group>"; };
		CB39C90B22ABF402002637DE /* Base */ = {isa = PBXFileReference; lastKnownFileType = file.storyboard; name = Base; path = Base.lproj/LaunchScreen.storyboard; sourceTree = "<group>"; };
		CB39C90D22ABF402002637DE /* Info.plist */ = {isa = PBXFileReference; lastKnownFileType = text.plist.xml; path = Info.plist; sourceTree = "<group>"; };
		CB39C91722ABF584002637DE /* aWeatherAppTests.xctest */ = {isa = PBXFileReference; explicitFileType = wrapper.cfbundle; includeInIndex = 0; path = aWeatherAppTests.xctest; sourceTree = BUILT_PRODUCTS_DIR; };
		CB39C91922ABF584002637DE /* aWeatherAppTests.swift */ = {isa = PBXFileReference; lastKnownFileType = sourcecode.swift; path = aWeatherAppTests.swift; sourceTree = "<group>"; };
		CB39C91B22ABF584002637DE /* Info.plist */ = {isa = PBXFileReference; lastKnownFileType = text.plist.xml; path = Info.plist; sourceTree = "<group>"; };
/* End PBXFileReference section */

/* Begin PBXFrameworksBuildPhase section */
		CB39C8FB22ABF401002637DE /* Frameworks */ = {
			isa = PBXFrameworksBuildPhase;
			buildActionMask = 2147483647;
			files = (
			);
			runOnlyForDeploymentPostprocessing = 0;
		};
		CB39C91422ABF584002637DE /* Frameworks */ = {
			isa = PBXFrameworksBuildPhase;
			buildActionMask = 2147483647;
			files = (
			);
			runOnlyForDeploymentPostprocessing = 0;
		};
/* End PBXFrameworksBuildPhase section */

/* Begin PBXGroup section */
		CB39C8F522ABF401002637DE = {
			isa = PBXGroup;
			children = (
				CB39C90022ABF401002637DE /* aWeatherApp */,
				CB39C91822ABF584002637DE /* aWeatherAppTests */,
				CB39C8FF22ABF401002637DE /* Products */,
			);
			sourceTree = "<group>";
		};
		CB39C8FF22ABF401002637DE /* Products */ = {
			isa = PBXGroup;
			children = (
				CB39C8FE22ABF401002637DE /* aWeatherApp.app */,
				CB39C91722ABF584002637DE /* aWeatherAppTests.xctest */,
			);
			name = Products;
			sourceTree = "<group>";
		};
		CB39C90022ABF401002637DE /* aWeatherApp */ = {
			isa = PBXGroup;
			children = (
				CB39C90122ABF401002637DE /* AppDelegate.swift */,
				CB39C90322ABF401002637DE /* ViewController.swift */,
				CB39C90522ABF401002637DE /* Main.storyboard */,
				CB39C90822ABF402002637DE /* Assets.xcassets */,
				CB39C90A22ABF402002637DE /* LaunchScreen.storyboard */,
				CB39C90D22ABF402002637DE /* Info.plist */,
			);
			path = aWeatherApp;
			sourceTree = "<group>";
		};
		CB39C91822ABF584002637DE /* aWeatherAppTests */ = {
			isa = PBXGroup;
			children = (
				CB39C91922ABF584002637DE /* aWeatherAppTests.swift */,
				CB39C91B22ABF584002637DE /* Info.plist */,
			);
			path = aWeatherAppTests;
			sourceTree = "<group>";
		};
/* End PBXGroup section */

/* Begin PBXNativeTarget section */
		CB39C8FD22ABF401002637DE /* aWeatherApp */ = {
			isa = PBXNativeTarget;
			buildConfigurationList = CB39C91022ABF402002637DE /* Build configuration list for PBXNativeTarget "aWeatherApp" */;
			buildPhases = (
				CB39C8FA22ABF401002637DE /* Sources */,
				CB39C8FB22ABF401002637DE /* Frameworks */,
				CB39C8FC22ABF401002637DE /* Resources */,
			);
			buildRules = (
			);
			dependencies = (
			);
			name = aWeatherApp;
			productName = aWeatherApp;
			productReference = CB39C8FE22ABF401002637DE /* aWeatherApp.app */;
			productType = "com.apple.product-type.application";
		};
		CB39C91622ABF584002637DE /* aWeatherAppTests */ = {
			isa = PBXNativeTarget;
			buildConfigurationList = CB39C92022ABF587002637DE /* Build configuration list for PBXNativeTarget "aWeatherAppTests" */;
			buildPhases = (
				CB39C91322ABF584002637DE /* Sources */,
				CB39C91422ABF584002637DE /* Frameworks */,
				CB39C91522ABF584002637DE /* Resources */,
			);
			buildRules = (
			);
			dependencies = (
				CB39C91D22ABF584002637DE /* PBXTargetDependency */,
			);
			name = aWeatherAppTests;
			productName = aWeatherAppTests;
			productReference = CB39C91722ABF584002637DE /* aWeatherAppTests.xctest */;
			productType = "com.apple.product-type.bundle.unit-test";
		};
/* End PBXNativeTarget section */

/* Begin PBXProject section */
		CB39C8F622ABF401002637DE /* Project object */ = {
			isa = PBXProject;
			attributes = {
				LastSwiftUpdateCheck = 1020;
				LastUpgradeCheck = 1020;
				ORGANIZATIONNAME = "Terrick Mansur";
				TargetAttributes = {
					CB39C8FD22ABF401002637DE = {
						CreatedOnToolsVersion = 10.2.1;
					};
					CB39C91622ABF584002637DE = {
						CreatedOnToolsVersion = 10.2.1;
						TestTargetID = CB39C8FD22ABF401002637DE;
					};
				};
			};
			buildConfigurationList = CB39C8F922ABF401002637DE /* Build configuration list for PBXProject "aWeatherApp" */;
			compatibilityVersion = "Xcode 9.3";
			developmentRegion = en;
			hasScannedForEncodings = 0;
			knownRegions = (
				en,
				Base,
			);
			mainGroup = CB39C8F522ABF401002637DE;
			productRefGroup = CB39C8FF22ABF401002637DE /* Products */;
			projectDirPath = "";
			projectRoot = "";
			targets = (
				CB39C8FD22ABF401002637DE /* aWeatherApp */,
				CB39C91622ABF584002637DE /* aWeatherAppTests */,
			);
		};
/* End PBXProject section */

/* Begin PBXResourcesBuildPhase section */
		CB39C8FC22ABF401002637DE /* Resources */ = {
			isa = PBXResourcesBuildPhase;
			buildActionMask = 2147483647;
			files = (
				CB39C90C22ABF402002637DE /* LaunchScreen.storyboard in Resources */,
				CB39C90922ABF402002637DE /* Assets.xcassets in Resources */,
				CB39C90722ABF401002637DE /* Main.storyboard in Resources */,
			);
			runOnlyForDeploymentPostprocessing = 0;
		};
		CB39C91522ABF584002637DE /* Resources */ = {
			isa = PBXResourcesBuildPhase;
			buildActionMask = 2147483647;
			files = (
			);
			runOnlyForDeploymentPostprocessing = 0;
		};
/* End PBXResourcesBuildPhase section */

/* Begin PBXSourcesBuildPhase section */
		CB39C8FA22ABF401002637DE /* Sources */ = {
			isa = PBXSourcesBuildPhase;
			buildActionMask = 2147483647;
			files = (
				CB39C90422ABF401002637DE /* ViewController.swift in Sources */,
				CB39C90222ABF401002637DE /* AppDelegate.swift in Sources */,
			);
			runOnlyForDeploymentPostprocessing = 0;
		};
		CB39C91322ABF584002637DE /* Sources */ = {
			isa = PBXSourcesBuildPhase;
			buildActionMask = 2147483647;
			files = (
				CB39C91A22ABF584002637DE /* aWeatherAppTests.swift in Sources */,
			);
			runOnlyForDeploymentPostprocessing = 0;
		};
/* End PBXSourcesBuildPhase section */

/* Begin PBXTargetDependency section */
		CB39C91D22ABF584002637DE /* PBXTargetDependency */ = {
			isa = PBXTargetDependency;
			target = CB39C8FD22ABF401002637DE /* aWeatherApp */;
			targetProxy = CB39C91C22ABF584002637DE /* PBXContainerItemProxy */;
		};
/* End PBXTargetDependency section */

/* Begin PBXVariantGroup section */
		CB39C90522ABF401002637DE /* Main.storyboard */ = {
			isa = PBXVariantGroup;
			children = (
				CB39C90622ABF401002637DE /* Base */,
			);
			name = Main.storyboard;
			sourceTree = "<group>";
		};
		CB39C90A22ABF402002637DE /* LaunchScreen.storyboard */ = {
			isa = PBXVariantGroup;
			children = (
				CB39C90B22ABF402002637DE /* Base */,
			);
			name = LaunchScreen.storyboard;
			sourceTree = "<group>";
		};
/* End PBXVariantGroup section */

/* Begin XCBuildConfiguration section */
		CB39C90E22ABF402002637DE /* Debug */ = {
			isa = XCBuildConfiguration;
			buildSettings = {
				ALWAYS_SEARCH_USER_PATHS = NO;
				CLANG_ANALYZER_NONNULL = YES;
				CLANG_ANALYZER_NUMBER_OBJECT_CONVERSION = YES_AGGRESSIVE;
				CLANG_CXX_LANGUAGE_STANDARD = "gnu++14";
				CLANG_CXX_LIBRARY = "libc++";
				CLANG_ENABLE_MODULES = YES;
				CLANG_ENABLE_OBJC_ARC = YES;
				CLANG_ENABLE_OBJC_WEAK = YES;
				CLANG_WARN_BLOCK_CAPTURE_AUTORELEASING = YES;
				CLANG_WARN_BOOL_CONVERSION = YES;
				CLANG_WARN_COMMA = YES;
				CLANG_WARN_CONSTANT_CONVERSION = YES;
				CLANG_WARN_DEPRECATED_OBJC_IMPLEMENTATIONS = YES;
				CLANG_WARN_DIRECT_OBJC_ISA_USAGE = YES_ERROR;
				CLANG_WARN_DOCUMENTATION_COMMENTS = YES;
				CLANG_WARN_EMPTY_BODY = YES;
				CLANG_WARN_ENUM_CONVERSION = YES;
				CLANG_WARN_INFINITE_RECURSION = YES;
				CLANG_WARN_INT_CONVERSION = YES;
				CLANG_WARN_NON_LITERAL_NULL_CONVERSION = YES;
				CLANG_WARN_OBJC_IMPLICIT_RETAIN_SELF = YES;
				CLANG_WARN_OBJC_LITERAL_CONVERSION = YES;
				CLANG_WARN_OBJC_ROOT_CLASS = YES_ERROR;
				CLANG_WARN_RANGE_LOOP_ANALYSIS = YES;
				CLANG_WARN_STRICT_PROTOTYPES = YES;
				CLANG_WARN_SUSPICIOUS_MOVE = YES;
				CLANG_WARN_UNGUARDED_AVAILABILITY = YES_AGGRESSIVE;
				CLANG_WARN_UNREACHABLE_CODE = YES;
				CLANG_WARN__DUPLICATE_METHOD_MATCH = YES;
				CODE_SIGN_IDENTITY = "iPhone Developer";
				COPY_PHASE_STRIP = NO;
				DEBUG_INFORMATION_FORMAT = dwarf;
				ENABLE_STRICT_OBJC_MSGSEND = YES;
				ENABLE_TESTABILITY = YES;
				GCC_C_LANGUAGE_STANDARD = gnu11;
				GCC_DYNAMIC_NO_PIC = NO;
				GCC_NO_COMMON_BLOCKS = YES;
				GCC_OPTIMIZATION_LEVEL = 0;
				GCC_PREPROCESSOR_DEFINITIONS = (
					"DEBUG=1",
					"$(inherited)",
				);
				GCC_WARN_64_TO_32_BIT_CONVERSION = YES;
				GCC_WARN_ABOUT_RETURN_TYPE = YES_ERROR;
				GCC_WARN_UNDECLARED_SELECTOR = YES;
				GCC_WARN_UNINITIALIZED_AUTOS = YES_AGGRESSIVE;
				GCC_WARN_UNUSED_FUNCTION = YES;
				GCC_WARN_UNUSED_VARIABLE = YES;
				IPHONEOS_DEPLOYMENT_TARGET = 12.2;
				MTL_ENABLE_DEBUG_INFO = INCLUDE_SOURCE;
				MTL_FAST_MATH = YES;
				ONLY_ACTIVE_ARCH = YES;
				SDKROOT = iphoneos;
				SWIFT_ACTIVE_COMPILATION_CONDITIONS = DEBUG;
				SWIFT_OPTIMIZATION_LEVEL = "-Onone";
			};
			name = Debug;
		};
		CB39C90F22ABF402002637DE /* Release */ = {
			isa = XCBuildConfiguration;
			buildSettings = {
				ALWAYS_SEARCH_USER_PATHS = NO;
				CLANG_ANALYZER_NONNULL = YES;
				CLANG_ANALYZER_NUMBER_OBJECT_CONVERSION = YES_AGGRESSIVE;
				CLANG_CXX_LANGUAGE_STANDARD = "gnu++14";
				CLANG_CXX_LIBRARY = "libc++";
				CLANG_ENABLE_MODULES = YES;
				CLANG_ENABLE_OBJC_ARC = YES;
				CLANG_ENABLE_OBJC_WEAK = YES;
				CLANG_WARN_BLOCK_CAPTURE_AUTORELEASING = YES;
				CLANG_WARN_BOOL_CONVERSION = YES;
				CLANG_WARN_COMMA = YES;
				CLANG_WARN_CONSTANT_CONVERSION = YES;
				CLANG_WARN_DEPRECATED_OBJC_IMPLEMENTATIONS = YES;
				CLANG_WARN_DIRECT_OBJC_ISA_USAGE = YES_ERROR;
				CLANG_WARN_DOCUMENTATION_COMMENTS = YES;
				CLANG_WARN_EMPTY_BODY = YES;
				CLANG_WARN_ENUM_CONVERSION = YES;
				CLANG_WARN_INFINITE_RECURSION = YES;
				CLANG_WARN_INT_CONVERSION = YES;
				CLANG_WARN_NON_LITERAL_NULL_CONVERSION = YES;
				CLANG_WARN_OBJC_IMPLICIT_RETAIN_SELF = YES;
				CLANG_WARN_OBJC_LITERAL_CONVERSION = YES;
				CLANG_WARN_OBJC_ROOT_CLASS = YES_ERROR;
				CLANG_WARN_RANGE_LOOP_ANALYSIS = YES;
				CLANG_WARN_STRICT_PROTOTYPES = YES;
				CLANG_WARN_SUSPICIOUS_MOVE = YES;
				CLANG_WARN_UNGUARDED_AVAILABILITY = YES_AGGRESSIVE;
				CLANG_WARN_UNREACHABLE_CODE = YES;
				CLANG_WARN__DUPLICATE_METHOD_MATCH = YES;
				CODE_SIGN_IDENTITY = "iPhone Developer";
				COPY_PHASE_STRIP = NO;
				DEBUG_INFORMATION_FORMAT = "dwarf-with-dsym";
				ENABLE_NS_ASSERTIONS = NO;
				ENABLE_STRICT_OBJC_MSGSEND = YES;
				GCC_C_LANGUAGE_STANDARD = gnu11;
				GCC_NO_COMMON_BLOCKS = YES;
				GCC_WARN_64_TO_32_BIT_CONVERSION = YES;
				GCC_WARN_ABOUT_RETURN_TYPE = YES_ERROR;
				GCC_WARN_UNDECLARED_SELECTOR = YES;
				GCC_WARN_UNINITIALIZED_AUTOS = YES_AGGRESSIVE;
				GCC_WARN_UNUSED_FUNCTION = YES;
				GCC_WARN_UNUSED_VARIABLE = YES;
				IPHONEOS_DEPLOYMENT_TARGET = 12.2;
				MTL_ENABLE_DEBUG_INFO = NO;
				MTL_FAST_MATH = YES;
				SDKROOT = iphoneos;
				SWIFT_COMPILATION_MODE = wholemodule;
				SWIFT_OPTIMIZATION_LEVEL = "-O";
				VALIDATE_PRODUCT = YES;
			};
			name = Release;
		};
		CB39C91122ABF402002637DE /* Debug */ = {
			isa = XCBuildConfiguration;
			buildSettings = {
				ASSETCATALOG_COMPILER_APPICON_NAME = AppIcon;
				CODE_SIGN_STYLE = Automatic;
				DEVELOPMENT_TEAM = G394X63P2A;
				INFOPLIST_FILE = aWeatherApp/Info.plist;
				LD_RUNPATH_SEARCH_PATHS = (
					"$(inherited)",
					"@executable_path/Frameworks",
				);
				PRODUCT_BUNDLE_IDENTIFIER = com.terrickmansur.aWeatherApp;
				PRODUCT_NAME = "$(TARGET_NAME)";
				SWIFT_VERSION = 5.0;
				TARGETED_DEVICE_FAMILY = "1,2";
			};
			name = Debug;
		};
		CB39C91222ABF402002637DE /* Release */ = {
			isa = XCBuildConfiguration;
			buildSettings = {
				ASSETCATALOG_COMPILER_APPICON_NAME = AppIcon;
				CODE_SIGN_STYLE = Automatic;
				DEVELOPMENT_TEAM = G394X63P2A;
				INFOPLIST_FILE = aWeatherApp/Info.plist;
				LD_RUNPATH_SEARCH_PATHS = (
					"$(inherited)",
					"@executable_path/Frameworks",
				);
				PRODUCT_BUNDLE_IDENTIFIER = com.terrickmansur.aWeatherApp;
				PRODUCT_NAME = "$(TARGET_NAME)";
				SWIFT_VERSION = 5.0;
				TARGETED_DEVICE_FAMILY = "1,2";
			};
			name = Release;
		};
		CB39C91E22ABF585002637DE /* Debug */ = {
			isa = XCBuildConfiguration;
			buildSettings = {
				BUNDLE_LOADER = "$(TEST_HOST)";
				CODE_SIGN_STYLE = Automatic;
				DEVELOPMENT_TEAM = G394X63P2A;
				INFOPLIST_FILE = aWeatherAppTests/Info.plist;
				LD_RUNPATH_SEARCH_PATHS = (
					"$(inherited)",
					"@executable_path/Frameworks",
					"@loader_path/Frameworks",
				);
				PRODUCT_BUNDLE_IDENTIFIER = com.terrickmansur.aWeatherAppTests;
				PRODUCT_NAME = "$(TARGET_NAME)";
				SWIFT_VERSION = 5.0;
				TARGETED_DEVICE_FAMILY = "1,2";
				TEST_HOST = "$(BUILT_PRODUCTS_DIR)/aWeatherApp.app/aWeatherApp";
			};
			name = Debug;
		};
		CB39C91F22ABF585002637DE /* Release */ = {
			isa = XCBuildConfiguration;
			buildSettings = {
				BUNDLE_LOADER = "$(TEST_HOST)";
				CODE_SIGN_STYLE = Automatic;
				DEVELOPMENT_TEAM = G394X63P2A;
				INFOPLIST_FILE = aWeatherAppTests/Info.plist;
				LD_RUNPATH_SEARCH_PATHS = (
					"$(inherited)",
					"@executable_path/Frameworks",
					"@loader_path/Frameworks",
				);
				PRODUCT_BUNDLE_IDENTIFIER = com.terrickmansur.aWeatherAppTests;
				PRODUCT_NAME = "$(TARGET_NAME)";
				SWIFT_VERSION = 5.0;
				TARGETED_DEVICE_FAMILY = "1,2";
				TEST_HOST = "$(BUILT_PRODUCTS_DIR)/aWeatherApp.app/aWeatherApp";
			};
			name = Release;
		};
/* End XCBuildConfiguration section */

/* Begin XCConfigurationList section */
		CB39C8F922ABF401002637DE /* Build configuration list for PBXProject "aWeatherApp" */ = {
			isa = XCConfigurationList;
			buildConfigurations = (
				CB39C90E22ABF402002637DE /* Debug */,
				CB39C90F22ABF402002637DE /* Release */,
			);
			defaultConfigurationIsVisible = 0;
			defaultConfigurationName = Release;
		};
		CB39C91022ABF402002637DE /* Build configuration list for PBXNativeTarget "aWeatherApp" */ = {
			isa = XCConfigurationList;
			buildConfigurations = (
				CB39C91122ABF402002637DE /* Debug */,
				CB39C91222ABF402002637DE /* Release */,
			);
			defaultConfigurationIsVisible = 0;
			defaultConfigurationName = Release;
		};
		CB39C92022ABF587002637DE /* Build configuration list for PBXNativeTarget "aWeatherAppTests" */ = {
			isa = XCConfigurationList;
			buildConfigurations = (
				CB39C91E22ABF585002637DE /* Debug */,
				CB39C91F22ABF585002637DE /* Release */,
			);
			defaultConfigurationIsVisible = 0;
			defaultConfigurationName = Release;
		};
/* End XCConfigurationList section */
	};
	rootObject = CB39C8F622ABF401002637DE /* Project object */;
}
